
Microsoft Visual Studio Solution File, Format Version 12.00
# Visual Studio 15
VisualStudioVersion = 15.0.28307.102
MinimumVisualStudioVersion = 10.0.40219.1
Project("{FAE04EC0-301F-11D3-BF4B-00C04F79EFBC}") = "YazLab3", "YazLab3\YazLab3.csproj", "{75C328DF-1BA9-4633-B8F0-ADBF4E5AE6B8}"
EndProject
Global
	GlobalSection(SolutionConfigurationPlatforms) = preSolution
		Debug|Any CPU = Debug|Any CPU
		Release|Any CPU = Release|Any CPU
	EndGlobalSection
	GlobalSection(ProjectConfigurationPlatforms) = postSolution
		{75C328DF-1BA9-4633-B8F0-ADBF4E5AE6B8}.Debug|Any CPU.ActiveCfg = Debug|Any CPU
		{75C328DF-1BA9-4633-B8F0-ADBF4E5AE6B8}.Debug|Any CPU.Build.0 = Debug|Any CPU
		{75C328DF-1BA9-4633-B8F0-ADBF4E5AE6B8}.Release|Any CPU.ActiveCfg = Release|Any CPU
		{75C328DF-1BA9-4633-B8F0-ADBF4E5AE6B8}.Release|Any CPU.Build.0 = Release|Any CPU
	EndGlobalSection
	GlobalSection(SolutionProperties) = preSolution
		HideSolutionNode = FALSE
	EndGlobalSection
	GlobalSection(ExtensibilityGlobals) = postSolution
		SolutionGuid = {7E93EACA-6CD9-425E-A48E-765AB0EB8DAD}
	EndGlobalSection
EndGlobal
